github.com/rizalnurizalludin/belajar-module-golang v1.0.0 h1:qgg/yIj998dxHgJcQRYWTv3MevSYwiXP22PUt21M27Y=
github.com/rizalnurizalludin/belajar-module-golang v1.0.0/go.mod h1:MDcJ2J5Mm2ZQeo5c4mCybxme/sAqggLOqNHr9Amkm0g=
github.com/rizalnurizalludin/belajar-module-golang/v2 v2.0.0 h1:AotmEPgQFl3V3oOa8XAlbyAiHEtLL0Xo47xBxFigjls=
github.com/rizalnurizalludin/belajar-module-golang/v2 v2.0.0/go.mod h1:qk1uInvk5AWHTabn3tg+K8TIsGTONg38ZDg5EIqBcig=
